
Microsoft Visual Studio Solution File, Format Version 12.00
# Visual Studio Version 16
VisualStudioVersion = 16.0.29905.134
MinimumVisualStudioVersion = 10.0.40219.1
Project("{FAE04EC0-301F-11D3-BF4B-00C04F79EFBC}") = "WebApiPagingDemo", "WebApiPagingDemo\WebApiPagingDemo.csproj", "{AD2E8795-D114-40C5-932F-B7286A1B22DD}"
EndProject
Global
	GlobalSection(SolutionConfigurationPlatforms) = preSolution
		Debug|Any CPU = Debug|Any CPU
		Release|Any CPU = Release|Any CPU
	EndGlobalSection
	GlobalSection(ProjectConfigurationPlatforms) = postSolution
		{AD2E8795-D114-40C5-932F-B7286A1B22DD}.Debug|Any CPU.ActiveCfg = Debug|Any CPU
		{AD2E8795-D114-40C5-932F-B7286A1B22DD}.Debug|Any CPU.Build.0 = Debug|Any CPU
		{AD2E8795-D114-40C5-932F-B7286A1B22DD}.Release|Any CPU.ActiveCfg = Release|Any CPU
		{AD2E8795-D114-40C5-932F-B7286A1B22DD}.Release|Any CPU.Build.0 = Release|Any CPU
	EndGlobalSection
	GlobalSection(SolutionProperties) = preSolution
		HideSolutionNode = FALSE
	EndGlobalSection
	GlobalSection(ExtensibilityGlobals) = postSolution
		SolutionGuid = {C6FD6163-9A3B-4F08-B259-1BBD6BCAEA3A}
	EndGlobalSection
EndGlobal
